// !$*UTF8*$!
{
	archiveVersion = 1;
	classes = {
	};
	objectVersion = 56;
	objects = {

/* Begin PBXBuildFile section */
		A10001 /* HabitualApp.swift in Sources */ = {isa = PBXBuildFile; fileRef = B10001 /* HabitualApp.swift */; };
		A10002 /* ContentView.swift in Sources */ = {isa = PBXBuildFile; fileRef = B10002 /* ContentView.swift */; };
		A10003 /* Habit.swift in Sources */ = {isa = PBXBuildFile; fileRef = B10003 /* Habit.swift */; };
		A10004 /* Persistence.swift in Sources */ = {isa = PBXBuildFile; fileRef = B10004 /* Persistence.swift */; };
		A10005 /* HabitStore.swift in Sources */ = {isa = PBXBuildFile; fileRef = B10005 /* HabitStore.swift */; };
		A10006 /* HeatmapGridView.swift in Sources */ = {isa = PBXBuildFile; fileRef = B10006 /* HeatmapGridView.swift */; };
		A10007 /* HabitCardView.swift in Sources */ = {isa = PBXBuildFile; fileRef = B10007 /* HabitCardView.swift */; };
		A10008 /* AddHabitView.swift in Sources */ = {isa = PBXBuildFile; fileRef = B10008 /* AddHabitView.swift */; };
		A10009 /* EditHabitView.swift in Sources */ = {isa = PBXBuildFile; fileRef = B10009 /* EditHabitView.swift */; };
		A10010 /* HabitDetailView.swift in Sources */ = {isa = PBXBuildFile; fileRef = B10010 /* HabitDetailView.swift */; };
		A10011 /* SettingsView.swift in Sources */ = {isa = PBXBuildFile; fileRef = B10011 /* SettingsView.swift */; };
		A10012 /* NotificationService.swift in Sources */ = {isa = PBXBuildFile; fileRef = B10012 /* NotificationService.swift */; };
		A10013 /* Color+Extensions.swift in Sources */ = {isa = PBXBuildFile; fileRef = B10013 /* Color+Extensions.swift */; };
		A10014 /* WidgetUpdateService.swift in Sources */ = {isa = PBXBuildFile; fileRef = B10014 /* WidgetUpdateService.swift */; };
		A10015 /* Habitual.xcdatamodeld in Sources */ = {isa = PBXBuildFile; fileRef = B10015 /* Habitual.xcdatamodeld */; };
		A10016 /* Assets.xcassets in Resources */ = {isa = PBXBuildFile; fileRef = B10016 /* Assets.xcassets */; };
		A10023 /* NudgeService.swift in Sources */ = {isa = PBXBuildFile; fileRef = B10023 /* NudgeService.swift */; };
		A10024 /* HabitIntents.swift in Sources */ = {isa = PBXBuildFile; fileRef = B10024 /* HabitIntents.swift */; };
		A10025 /* MascotView.swift in Sources */ = {isa = PBXBuildFile; fileRef = B10025 /* MascotView.swift */; };
		A10026 /* EnvironmentValues+Today.swift in Sources */ = {isa = PBXBuildFile; fileRef = B10026 /* EnvironmentValues+Today.swift */; };
		A10027 /* RadialProgressView.swift in Sources */ = {isa = PBXBuildFile; fileRef = B10027 /* RadialProgressView.swift */; };
		A10028 /* PeriodHeatmapGridView.swift in Sources */ = {isa = PBXBuildFile; fileRef = B10028 /* PeriodHeatmapGridView.swift */; };
		A10029 /* CloudSyncService.swift in Sources */ = {isa = PBXBuildFile; fileRef = B10029 /* CloudSyncService.swift */; };
		A10030 /* Habitual Watch.app in Embed Watch Content */ = {isa = PBXBuildFile; fileRef = C20001 /* Habitual Watch.app */; platformFilter = ios; settings = {ATTRIBUTES = (RemoveHeadersOnCopy, ); }; };
		A10031 /* HabitualWidgets.appex in Embed App Extensions */ = {isa = PBXBuildFile; fileRef = C30001 /* HabitualWidgets.appex */; settings = {ATTRIBUTES = (RemoveHeadersOnCopy, ); }; };
		A20001 /* HabitualWatchApp.swift in Sources */ = {isa = PBXBuildFile; fileRef = B20001 /* HabitualWatchApp.swift */; };
		A20002 /* WatchContentView.swift in Sources */ = {isa = PBXBuildFile; fileRef = B20002 /* WatchContentView.swift */; };
		A20003 /* Habit.swift in Sources */ = {isa = PBXBuildFile; fileRef = B10003 /* Habit.swift */; };
		A20004 /* Persistence.swift in Sources */ = {isa = PBXBuildFile; fileRef = B10004 /* Persistence.swift */; };
		A20005 /* HabitStore.swift in Sources */ = {isa = PBXBuildFile; fileRef = B10005 /* HabitStore.swift */; };
		A20006 /* Habitual.xcdatamodeld in Sources */ = {isa = PBXBuildFile; fileRef = B10015 /* Habitual.xcdatamodeld */; };
		A20007 /* EnvironmentValues+Today.swift in Sources */ = {isa = PBXBuildFile; fileRef = B10026 /* EnvironmentValues+Today.swift */; };
		A20008 /* Assets.xcassets in Resources */ = {isa = PBXBuildFile; fileRef = B20003 /* Assets.xcassets */; };
		A20009 /* NotificationService.swift in Sources */ = {isa = PBXBuildFile; fileRef = B10012 /* NotificationService.swift */; };
		A20010 /* NudgeService.swift in Sources */ = {isa = PBXBuildFile; fileRef = B10023 /* NudgeService.swift */; };
		A20011 /* HabitualComplications.appex in Embed App Extensions */ = {isa = PBXBuildFile; fileRef = C40001 /* HabitualComplications.appex */; settings = {ATTRIBUTES = (RemoveHeadersOnCopy, ); }; };
		A30001 /* HabitualWidgets.swift in Sources */ = {isa = PBXBuildFile; fileRef = B30001 /* HabitualWidgets.swift */; };
		A30002 /* Habit.swift in Sources */ = {isa = PBXBuildFile; fileRef = B10003 /* Habit.swift */; };
		A30003 /* Persistence.swift in Sources */ = {isa = PBXBuildFile; fileRef = B10004 /* Persistence.swift */; };
		A30004 /* HabitStore.swift in Sources */ = {isa = PBXBuildFile; fileRef = B10005 /* HabitStore.swift */; };
		A30005 /* Habitual.xcdatamodeld in Sources */ = {isa = PBXBuildFile; fileRef = B10015 /* Habitual.xcdatamodeld */; };
		A30006 /* EnvironmentValues+Today.swift in Sources */ = {isa = PBXBuildFile; fileRef = B10026 /* EnvironmentValues+Today.swift */; };
		A30007 /* NotificationService.swift in Sources */ = {isa = PBXBuildFile; fileRef = B10012 /* NotificationService.swift */; };
		A30008 /* NudgeService.swift in Sources */ = {isa = PBXBuildFile; fileRef = B10023 /* NudgeService.swift */; };
		A30009 /* HabitIntents.swift in Sources */ = {isa = PBXBuildFile; fileRef = B10024 /* HabitIntents.swift */; };
		A40001 /* HabitualComplications.swift in Sources */ = {isa = PBXBuildFile; fileRef = B40001 /* HabitualComplications.swift */; };
		A40002 /* Habit.swift in Sources */ = {isa = PBXBuildFile; fileRef = B10003 /* Habit.swift */; };
		A40003 /* Persistence.swift in Sources */ = {isa = PBXBuildFile; fileRef = B10004 /* Persistence.swift */; };
		A40004 /* HabitStore.swift in Sources */ = {isa = PBXBuildFile; fileRef = B10005 /* HabitStore.swift */; };
		A40005 /* Habitual.xcdatamodeld in Sources */ = {isa = PBXBuildFile; fileRef = B10015 /* Habitual.xcdatamodeld */; };
		A40006 /* EnvironmentValues+Today.swift in Sources */ = {isa = PBXBuildFile; fileRef = B10026 /* EnvironmentValues+Today.swift */; };
		A40007 /* NotificationService.swift in Sources */ = {isa = PBXBuildFile; fileRef = B10012 /* NotificationService.swift */; };
		A40008 /* NudgeService.swift in Sources */ = {isa = PBXBuildFile; fileRef = B10023 /* NudgeService.swift */; };
/* End PBXBuildFile section */

/* Begin PBXContainerItemProxy section */
		P20001 /* PBXContainerItemProxy */ = {
			isa = PBXContainerItemProxy;
			containerPortal = P00001 /* Project object */;
			proxyType = 1;
			remoteGlobalIDString = T20001;
			remoteInfo = "Habitual Watch";
		};
		P30001 /* PBXContainerItemProxy */ = {
			isa = PBXContainerItemProxy;
			containerPortal = P00001 /* Project object */;
			proxyType = 1;
			remoteGlobalIDString = T30001;
			remoteInfo = HabitualWidgets;
		};
		P40001 /* PBXContainerItemProxy */ = {
			isa = PBXContainerItemProxy;
			containerPortal = P00001 /* Project object */;
			proxyType = 1;
			remoteGlobalIDString = T40001;
			remoteInfo = HabitualComplications;
		};
/* End PBXContainerItemProxy section */

/* Begin PBXCopyFilesBuildPhase section */
		F10003 /* Embed Watch Content */ = {
			isa = PBXCopyFilesBuildPhase;
			buildActionMask = 2147483647;
			dstPath = "$(CONTENTS_FOLDER_PATH)/Watch";
			dstSubfolderSpec = 16;
			files = (
				A10030 /* Habitual Watch.app in Embed Watch Content */,
			);
			name = "Embed Watch Content";
			runOnlyForDeploymentPostprocessing = 0;
		};
		F10004 /* Embed App Extensions */ = {
			isa = PBXCopyFilesBuildPhase;
			buildActionMask = 2147483647;
			dstPath = "";
			dstSubfolderSpec = 13;
			files = (
				A10031 /* HabitualWidgets.appex in Embed App Extensions */,
			);
			name = "Embed App Extensions";
			runOnlyForDeploymentPostprocessing = 0;
		};
		F20003 /* Embed App Extensions */ = {
			isa = PBXCopyFilesBuildPhase;
			buildActionMask = 2147483647;
			dstPath = "";
			dstSubfolderSpec = 13;
			files = (
				A20011 /* HabitualComplications.appex in Embed App Extensions */,
			);
			name = "Embed App Extensions";
			runOnlyForDeploymentPostprocessing = 0;
		};
/* End PBXCopyFilesBuildPhase section */

/* Begin PBXFileReference section */
		B10001 /* HabitualApp.swift */ = {isa = PBXFileReference; lastKnownFileType = sourcecode.swift; path = HabitualApp.swift; sourceTree = "<group>"; };
		B10002 /* ContentView.swift */ = {isa = PBXFileReference; lastKnownFileType = sourcecode.swift; path = ContentView.swift; sourceTree = "<group>"; };
		B10003 /* Habit.swift */ = {isa = PBXFileReference; lastKnownFileType = sourcecode.swift; path = Habit.swift; sourceTree = "<group>"; };
		B10004 /* Persistence.swift */ = {isa = PBXFileReference; lastKnownFileType = sourcecode.swift; path = Persistence.swift; sourceTree = "<group>"; };
		B10005 /* HabitStore.swift */ = {isa = PBXFileReference; lastKnownFileType = sourcecode.swift; path = HabitStore.swift; sourceTree = "<group>"; };
		B10006 /* HeatmapGridView.swift */ = {isa = PBXFileReference; lastKnownFileType = sourcecode.swift; path = HeatmapGridView.swift; sourceTree = "<group>"; };
		B10007 /* HabitCardView.swift */ = {isa = PBXFileReference; lastKnownFileType = sourcecode.swift; path = HabitCardView.swift; sourceTree = "<group>"; };
		B10008 /* AddHabitView.swift */ = {isa = PBXFileReference; lastKnownFileType = sourcecode.swift; path = AddHabitView.swift; sourceTree = "<group>"; };
		B10009 /* EditHabitView.swift */ = {isa = PBXFileReference; lastKnownFileType = sourcecode.swift; path = EditHabitView.swift; sourceTree = "<group>"; };
		B10010 /* HabitDetailView.swift */ = {isa = PBXFileReference; lastKnownFileType = sourcecode.swift; path = HabitDetailView.swift; sourceTree = "<group>"; };
		B10011 /* SettingsView.swift */ = {isa = PBXFileReference; lastKnownFileType = sourcecode.swift; path = SettingsView.swift; sourceTree = "<group>"; };
		B10012 /* NotificationService.swift */ = {isa = PBXFileReference; lastKnownFileType = sourcecode.swift; path = NotificationService.swift; sourceTree = "<group>"; };
		B10013 /* Color+Extensions.swift */ = {isa = PBXFileReference; lastKnownFileType = sourcecode.swift; path = "Color+Extensions.swift"; sourceTree = "<group>"; };
		B10014 /* WidgetUpdateService.swift */ = {isa = PBXFileReference; lastKnownFileType = sourcecode.swift; path = WidgetUpdateService.swift; sourceTree = "<group>"; };
		B10015V /* Habitual.xcdatamodel */ = {isa = PBXFileReference; lastKnownFileType = wrapper.xcdatamodel; path = Habitual.xcdatamodel; sourceTree = "<group>"; };
		B10016 /* Assets.xcassets */ = {isa = PBXFileReference; lastKnownFileType = folder.assetcatalog; path = Assets.xcassets; sourceTree = "<group>"; };
		B10017 /* Habitual.entitlements */ = {isa = PBXFileReference; lastKnownFileType = text.plist.entitlements; path = Habitual.entitlements; sourceTree = "<group>"; };
		B10018 /* Info.plist */ = {isa = PBXFileReference; lastKnownFileType = text.plist.xml; path = Info.plist; sourceTree = "<group>"; };
		B10019 /* CDHabit+CoreDataClass.swift */ = {isa = PBXFileReference; lastKnownFileType = sourcecode.swift; path = "CDHabit+CoreDataClass.swift"; sourceTree = "<group>"; };
		B10020 /* CDHabit+CoreDataProperties.swift */ = {isa = PBXFileReference; lastKnownFileType = sourcecode.swift; path = "CDHabit+CoreDataProperties.swift"; sourceTree = "<group>"; };
		B10021 /* CDCompletion+CoreDataClass.swift */ = {isa = PBXFileReference; lastKnownFileType = sourcecode.swift; path = "CDCompletion+CoreDataClass.swift"; sourceTree = "<group>"; };
		B10022 /* CDCompletion+CoreDataProperties.swift */ = {isa = PBXFileReference; lastKnownFileType = sourcecode.swift; path = "CDCompletion+CoreDataProperties.swift"; sourceTree = "<group>"; };
		B10023 /* NudgeService.swift */ = {isa = PBXFileReference; lastKnownFileType = sourcecode.swift; path = NudgeService.swift; sourceTree = "<group>"; };
		B10024 /* HabitIntents.swift */ = {isa = PBXFileReference; lastKnownFileType = sourcecode.swift; path = HabitIntents.swift; sourceTree = "<group>"; };
		B10025 /* MascotView.swift */ = {isa = PBXFileReference; lastKnownFileType = sourcecode.swift; path = MascotView.swift; sourceTree = "<group>"; };
		B10026 /* EnvironmentValues+Today.swift */ = {isa = PBXFileReference; lastKnownFileType = sourcecode.swift; path = "EnvironmentValues+Today.swift"; sourceTree = "<group>"; };
		B10027 /* RadialProgressView.swift */ = {isa = PBXFileReference; lastKnownFileType = sourcecode.swift; path = RadialProgressView.swift; sourceTree = "<group>"; };
		B10028 /* PeriodHeatmapGridView.swift */ = {isa = PBXFileReference; lastKnownFileType = sourcecode.swift; path = PeriodHeatmapGridView.swift; sourceTree = "<group>"; };
		B10029 /* CloudSyncService.swift */ = {isa = PBXFileReference; lastKnownFileType = sourcecode.swift; path = CloudSyncService.swift; sourceTree = "<group>"; };
		B20001 /* HabitualWatchApp.swift */ = {isa = PBXFileReference; lastKnownFileType = sourcecode.swift; path = HabitualWatchApp.swift; sourceTree = "<group>"; };
		B20002 /* WatchContentView.swift */ = {isa = PBXFileReference; lastKnownFileType = sourcecode.swift; path = WatchContentView.swift; sourceTree = "<group>"; };
		B20003 /* Assets.xcassets */ = {isa = PBXFileReference; lastKnownFileType = folder.assetcatalog; path = Assets.xcassets; sourceTree = "<group>"; };
		B20004 /* HabitualWatch.entitlements */ = {isa = PBXFileReference; lastKnownFileType = text.plist.entitlements; path = HabitualWatch.entitlements; sourceTree = "<group>"; };
		B30001 /* HabitualWidgets.swift */ = {isa = PBXFileReference; lastKnownFileType = sourcecode.swift; path = HabitualWidgets.swift; sourceTree = "<group>"; };
		B30002 /* HabitualWidgets.entitlements */ = {isa = PBXFileReference; lastKnownFileType = text.plist.entitlements; path = HabitualWidgets.entitlements; sourceTree = "<group>"; };
		B40001 /* HabitualComplications.swift */ = {isa = PBXFileReference; lastKnownFileType = sourcecode.swift; path = HabitualComplications.swift; sourceTree = "<group>"; };
		C10001 /* Habitual.app */ = {isa = PBXFileReference; explicitFileType = wrapper.application; includeInIndex = 0; path = Habitual.app; sourceTree = BUILT_PRODUCTS_DIR; };
		C20001 /* Habitual Watch.app */ = {isa = PBXFileReference; explicitFileType = wrapper.application; includeInIndex = 0; path = "Habitual Watch.app"; sourceTree = BUILT_PRODUCTS_DIR; };
		C30001 /* HabitualWidgets.appex */ = {isa = PBXFileReference; explicitFileType = "wrapper.app-extension"; includeInIndex = 0; path = HabitualWidgets.appex; sourceTree = BUILT_PRODUCTS_DIR; };
		C40001 /* HabitualComplications.appex */ = {isa = PBXFileReference; explicitFileType = "wrapper.app-extension"; includeInIndex = 0; path = HabitualComplications.appex; sourceTree = BUILT_PRODUCTS_DIR; };
/* End PBXFileReference section */

/* Begin PBXGroup section */
		D00001 = {
			isa = PBXGroup;
			children = (
				D10001 /* Habitual */,
				D20001 /* HabitualWatch */,
				D30001 /* HabitualWidgets */,
				D40001 /* HabitualComplications */,
				D90001 /* Products */,
			);
			sourceTree = "<group>";
		};
		D10001 /* Habitual */ = {
			isa = PBXGroup;
			children = (
				D11001 /* Sources */,
				D12001 /* Resources */,
			);
			path = Habitual;
			sourceTree = "<group>";
		};
		D11001 /* Sources */ = {
			isa = PBXGroup;
			children = (
				B10001 /* HabitualApp.swift */,
				D11002 /* Models */,
				D11003 /* Views */,
				D11004 /* ViewModels */,
				D11005 /* Services */,
				D11006 /* Extensions */,
				D11007 /* Utilities */,
				D11011 /* AppIntents */,
			);
			path = Sources;
			sourceTree = "<group>";
		};
		D11002 /* Models */ = {
			isa = PBXGroup;
			children = (
				B10003 /* Habit.swift */,
				B10004 /* Persistence.swift */,
				B10026 /* EnvironmentValues+Today.swift */,
				B10015 /* Habitual.xcdatamodeld */,
				B10019 /* CDHabit+CoreDataClass.swift */,
				B10020 /* CDHabit+CoreDataProperties.swift */,
				B10021 /* CDCompletion+CoreDataClass.swift */,
				B10022 /* CDCompletion+CoreDataProperties.swift */,
			);
			path = Models;
			sourceTree = "<group>";
		};
		D11003 /* Views */ = {
			isa = PBXGroup;
			children = (
				B10002 /* ContentView.swift */,
				D11008 /* Components */,
				D11009 /* Habits */,
				D11010 /* Settings */,
			);
			path = Views;
			sourceTree = "<group>";
		};
		D11004 /* ViewModels */ = {
			isa = PBXGroup;
			children = (
				B10005 /* HabitStore.swift */,
			);
			path = ViewModels;
			sourceTree = "<group>";
		};
		D11005 /* Services */ = {
			isa = PBXGroup;
			children = (
				B10012 /* NotificationService.swift */,
				B10023 /* NudgeService.swift */,
				B10029 /* CloudSyncService.swift */,
			);
			path = Services;
			sourceTree = "<group>";
		};
		D11006 /* Extensions */ = {
			isa = PBXGroup;
			children = (
				B10013 /* Color+Extensions.swift */,
			);
			path = Extensions;
			sourceTree = "<group>";
		};
		D11007 /* Utilities */ = {
			isa = PBXGroup;
			children = (
				B10014 /* WidgetUpdateService.swift */,
			);
			path = Utilities;
			sourceTree = "<group>";
		};
		D11008 /* Components */ = {
			isa = PBXGroup;
			children = (
				B10006 /* HeatmapGridView.swift */,
				B10007 /* HabitCardView.swift */,
				B10025 /* MascotView.swift */,
				B10027 /* RadialProgressView.swift */,
				B10028 /* PeriodHeatmapGridView.swift */,
			);
			path = Components;
			sourceTree = "<group>";
		};
		D11009 /* Habits */ = {
			isa = PBXGroup;
			children = (
				B10008 /* AddHabitView.swift */,
				B10009 /* EditHabitView.swift */,
				B10010 /* HabitDetailView.swift */,
			);
			path = Habits;
			sourceTree = "<group>";
		};
		D11010 /* Settings */ = {
			isa = PBXGroup;
			children = (
				B10011 /* SettingsView.swift */,
			);
			path = Settings;
			sourceTree = "<group>";
		};
		D11011 /* AppIntents */ = {
			isa = PBXGroup;
			children = (
				B10024 /* HabitIntents.swift */,
			);
			path = AppIntents;
			sourceTree = "<group>";
		};
		D12001 /* Resources */ = {
			isa = PBXGroup;
			children = (
				B10016 /* Assets.xcassets */,
				B10017 /* Habitual.entitlements */,
				B10018 /* Info.plist */,
			);
			path = Resources;
			sourceTree = "<group>";
		};
		D20001 /* HabitualWatch */ = {
			isa = PBXGroup;
			children = (
				D21001 /* Sources */,
				D22001 /* Resources */,
			);
			path = HabitualWatch;
			sourceTree = "<group>";
		};
		D21001 /* Sources */ = {
			isa = PBXGroup;
			children = (
				B20001 /* HabitualWatchApp.swift */,
				D21002 /* Views */,
				D21003 /* Complications */,
			);
			path = Sources;
			sourceTree = "<group>";
		};
		D21002 /* Views */ = {
			isa = PBXGroup;
			children = (
				B20002 /* WatchContentView.swift */,
			);
			path = Views;
			sourceTree = "<group>";
		};
		D21003 /* Complications */ = {
			isa = PBXGroup;
			children = (
				B40001 /* HabitualComplications.swift */,
			);
			path = Complications;
			sourceTree = "<group>";
		};
		D22001 /* Resources */ = {
			isa = PBXGroup;
			children = (
				B20003 /* Assets.xcassets */,
				B20004 /* HabitualWatch.entitlements */,
			);
			path = Resources;
			sourceTree = "<group>";
		};
		D30001 /* HabitualWidgets */ = {
			isa = PBXGroup;
			children = (
				D31001 /* Sources */,
				D32001 /* Resources */,
			);
			path = HabitualWidgets;
			sourceTree = "<group>";
		};
		D31001 /* Sources */ = {
			isa = PBXGroup;
			children = (
				B30001 /* HabitualWidgets.swift */,
			);
			path = Sources;
			sourceTree = "<group>";
		};
		D32001 /* Resources */ = {
			isa = PBXGroup;
			children = (
				B30002 /* HabitualWidgets.entitlements */,
			);
			path = Resources;
			sourceTree = "<group>";
		};
		D40001 /* HabitualComplications */ = {
			isa = PBXGroup;
			children = (
			);
			name = HabitualComplications;
			sourceTree = "<group>";
		};
		D90001 /* Products */ = {
			isa = PBXGroup;
			children = (
				C10001 /* Habitual.app */,
				C20001 /* Habitual Watch.app */,
				C30001 /* HabitualWidgets.appex */,
				C40001 /* HabitualComplications.appex */,
			);
			name = Products;
			sourceTree = "<group>";
		};
/* End PBXGroup section */

/* Begin PBXNativeTarget section */
		T10001 /* Habitual */ = {
			isa = PBXNativeTarget;
			buildConfigurationList = E10001 /* Build configuration list for PBXNativeTarget "Habitual" */;
			buildPhases = (
				F10001 /* Sources */,
				F10002 /* Resources */,
				F10003 /* Embed Watch Content */,
				F10004 /* Embed App Extensions */,
			);
			buildRules = (
			);
			dependencies = (
				TD20001 /* PBXTargetDependency */,
				TD30001 /* PBXTargetDependency */,
			);
			name = Habitual;
			productName = Habitual;
			productReference = C10001 /* Habitual.app */;
			productType = "com.apple.product-type.application";
		};
		T20001 /* Habitual Watch */ = {
			isa = PBXNativeTarget;
			buildConfigurationList = E20001 /* Build configuration list for PBXNativeTarget "Habitual Watch" */;
			buildPhases = (
				F20002 /* Resources */,
				F20001 /* Sources */,
				F20003 /* Embed App Extensions */,
			);
			buildRules = (
			);
			dependencies = (
				TD40001 /* PBXTargetDependency */,
			);
			name = "Habitual Watch";
			productName = "Habitual Watch";
			productReference = C20001 /* Habitual Watch.app */;
			productType = "com.apple.product-type.application";
		};
		T30001 /* HabitualWidgets */ = {
			isa = PBXNativeTarget;
			buildConfigurationList = E30001 /* Build configuration list for PBXNativeTarget "HabitualWidgets" */;
			buildPhases = (
				F30001 /* Sources */,
			);
			buildRules = (
			);
			dependencies = (
			);
			name = HabitualWidgets;
			productName = HabitualWidgets;
			productReference = C30001 /* HabitualWidgets.appex */;
			productType = "com.apple.product-type.app-extension";
		};
		T40001 /* HabitualComplications */ = {
			isa = PBXNativeTarget;
			buildConfigurationList = E40001 /* Build configuration list for PBXNativeTarget "HabitualComplications" */;
			buildPhases = (
				F40001 /* Sources */,
			);
			buildRules = (
			);
			dependencies = (
			);
			name = HabitualComplications;
			productName = HabitualComplications;
			productReference = C40001 /* HabitualComplications.appex */;
			productType = "com.apple.product-type.app-extension";
		};
/* End PBXNativeTarget section */

/* Begin PBXProject section */
		P00001 /* Project object */ = {
			isa = PBXProject;
			attributes = {
				BuildIndependentTargetsInParallel = 1;
				LastSwiftUpdateCheck = 1530;
				LastUpgradeCheck = 2640;
				TargetAttributes = {
					T10001 = {
						CreatedOnToolsVersion = 15.3;
					};
					T20001 = {
						CreatedOnToolsVersion = 15.3;
					};
					T30001 = {
						CreatedOnToolsVersion = 15.3;
					};
					T40001 = {
						CreatedOnToolsVersion = 15.3;
					};
				};
			};
			buildConfigurationList = E00001 /* Build configuration list for PBXProject "Habitual" */;
			compatibilityVersion = "Xcode 14.0";
			developmentRegion = en;
			hasScannedForEncodings = 0;
			knownRegions = (
				en,
				Base,
			);
			mainGroup = D00001;
			productRefGroup = D90001 /* Products */;
			projectDirPath = "";
			projectRoot = "";
			targets = (
				T10001 /* Habitual */,
				T20001 /* Habitual Watch */,
				T30001 /* HabitualWidgets */,
				T40001 /* HabitualComplications */,
			);
		};
/* End PBXProject section */

/* Begin PBXResourcesBuildPhase section */
		F10002 /* Resources */ = {
			isa = PBXResourcesBuildPhase;
			buildActionMask = 2147483647;
			files = (
				A10016 /* Assets.xcassets in Resources */,
			);
			runOnlyForDeploymentPostprocessing = 0;
		};
		F20002 /* Resources */ = {
			isa = PBXResourcesBuildPhase;
			buildActionMask = 2147483647;
			files = (
				A20008 /* Assets.xcassets in Resources */,
			);
			runOnlyForDeploymentPostprocessing = 0;
		};
/* End PBXResourcesBuildPhase section */

/* Begin PBXSourcesBuildPhase section */
		F10001 /* Sources */ = {
			isa = PBXSourcesBuildPhase;
			buildActionMask = 2147483647;
			files = (
				A10001 /* HabitualApp.swift in Sources */,
				A10002 /* ContentView.swift in Sources */,
				A10003 /* Habit.swift in Sources */,
				A10004 /* Persistence.swift in Sources */,
				A10005 /* HabitStore.swift in Sources */,
				A10006 /* HeatmapGridView.swift in Sources */,
				A10007 /* HabitCardView.swift in Sources */,
				A10008 /* AddHabitView.swift in Sources */,
				A10009 /* EditHabitView.swift in Sources */,
				A10010 /* HabitDetailView.swift in Sources */,
				A10011 /* SettingsView.swift in Sources */,
				A10012 /* NotificationService.swift in Sources */,
				A10023 /* NudgeService.swift in Sources */,
				A10024 /* HabitIntents.swift in Sources */,
				A10013 /* Color+Extensions.swift in Sources */,
				A10014 /* WidgetUpdateService.swift in Sources */,
				A10015 /* Habitual.xcdatamodeld in Sources */,
				A10025 /* MascotView.swift in Sources */,
				A10026 /* EnvironmentValues+Today.swift in Sources */,
				A10027 /* RadialProgressView.swift in Sources */,
				A10028 /* PeriodHeatmapGridView.swift in Sources */,
				A10029 /* CloudSyncService.swift in Sources */,
			);
			runOnlyForDeploymentPostprocessing = 0;
		};
		F20001 /* Sources */ = {
			isa = PBXSourcesBuildPhase;
			buildActionMask = 2147483647;
			files = (
				A20001 /* HabitualWatchApp.swift in Sources */,
				A20002 /* WatchContentView.swift in Sources */,
				A20003 /* Habit.swift in Sources */,
				A20004 /* Persistence.swift in Sources */,
				A20005 /* HabitStore.swift in Sources */,
				A20006 /* Habitual.xcdatamodeld in Sources */,
				A20007 /* EnvironmentValues+Today.swift in Sources */,
				A20009 /* NotificationService.swift in Sources */,
				A20010 /* NudgeService.swift in Sources */,
			);
			runOnlyForDeploymentPostprocessing = 0;
		};
		F30001 /* Sources */ = {
			isa = PBXSourcesBuildPhase;
			buildActionMask = 2147483647;
			files = (
				A30001 /* HabitualWidgets.swift in Sources */,
				A30002 /* Habit.swift in Sources */,
				A30003 /* Persistence.swift in Sources */,
				A30004 /* HabitStore.swift in Sources */,
				A30005 /* Habitual.xcdatamodeld in Sources */,
				A30006 /* EnvironmentValues+Today.swift in Sources */,
				A30007 /* NotificationService.swift in Sources */,
				A30008 /* NudgeService.swift in Sources */,
			A30009 /* HabitIntents.swift in Sources */,
			);
			runOnlyForDeploymentPostprocessing = 0;
		};
		F40001 /* Sources */ = {
			isa = PBXSourcesBuildPhase;
			buildActionMask = 2147483647;
			files = (
				A40001 /* HabitualComplications.swift in Sources */,
				A40002 /* Habit.swift in Sources */,
				A40003 /* Persistence.swift in Sources */,
				A40004 /* HabitStore.swift in Sources */,
				A40005 /* Habitual.xcdatamodeld in Sources */,
				A40006 /* EnvironmentValues+Today.swift in Sources */,
				A40007 /* NotificationService.swift in Sources */,
				A40008 /* NudgeService.swift in Sources */,
			);
			runOnlyForDeploymentPostprocessing = 0;
		};
/* End PBXSourcesBuildPhase section */

/* Begin PBXTargetDependency section */
		TD20001 /* PBXTargetDependency */ = {
			isa = PBXTargetDependency;
			platformFilter = ios;
			target = T20001 /* Habitual Watch */;
			targetProxy = P20001 /* PBXContainerItemProxy */;
		};
		TD30001 /* PBXTargetDependency */ = {
			isa = PBXTargetDependency;
			target = T30001 /* HabitualWidgets */;
			targetProxy = P30001 /* PBXContainerItemProxy */;
		};
		TD40001 /* PBXTargetDependency */ = {
			isa = PBXTargetDependency;
			target = T40001 /* HabitualComplications */;
			targetProxy = P40001 /* PBXContainerItemProxy */;
		};
/* End PBXTargetDependency section */

/* Begin XCBuildConfiguration section */
		G00001 /* Debug */ = {
			isa = XCBuildConfiguration;
			buildSettings = {
				ALWAYS_SEARCH_USER_PATHS = NO;
				ASSETCATALOG_COMPILER_GENERATE_SWIFT_ASSET_SYMBOL_EXTENSIONS = YES;
				CLANG_ANALYZER_NONNULL = YES;
				CLANG_CXX_LANGUAGE_STANDARD = "gnu++20";
				CLANG_ENABLE_MODULES = YES;
				CLANG_ENABLE_OBJC_ARC = YES;
				CLANG_WARN_BLOCK_CAPTURE_AUTORELEASING = YES;
				CLANG_WARN_BOOL_CONVERSION = YES;
				CLANG_WARN_COMMA = YES;
				CLANG_WARN_CONSTANT_CONVERSION = YES;
				CLANG_WARN_DEPRECATED_OBJC_IMPLEMENTATIONS = YES;
				CLANG_WARN_EMPTY_BODY = YES;
				CLANG_WARN_ENUM_CONVERSION = YES;
				CLANG_WARN_INFINITE_RECURSION = YES;
				CLANG_WARN_INT_CONVERSION = YES;
				CLANG_WARN_NON_LITERAL_NULL_CONVERSION = YES;
				CLANG_WARN_OBJC_IMPLICIT_RETAIN_SELF = YES;
				CLANG_WARN_OBJC_LITERAL_CONVERSION = YES;
				CLANG_WARN_QUOTED_INCLUDE_IN_FRAMEWORK_HEADER = YES;
				CLANG_WARN_RANGE_LOOP_ANALYSIS = YES;
				CLANG_WARN_STRICT_PROTOTYPES = YES;
				CLANG_WARN_SUSPICIOUS_MOVE = YES;
				CLANG_WARN_UNREACHABLE_CODE = YES;
				CLANG_WARN__DUPLICATE_METHOD_MATCH = YES;
				COPY_PHASE_STRIP = NO;
				DEAD_CODE_STRIPPING = YES;
				DEBUG_INFORMATION_FORMAT = dwarf;
				DEVELOPMENT_TEAM = UJ9293M9CT;
				ENABLE_STRICT_OBJC_MSGSEND = YES;
				ENABLE_TESTABILITY = YES;
				ENABLE_USER_SCRIPT_SANDBOXING = YES;
				GCC_DYNAMIC_NO_PIC = NO;
				GCC_NO_COMMON_BLOCKS = YES;
				GCC_OPTIMIZATION_LEVEL = 0;
				GCC_WARN_64_TO_32_BIT_CONVERSION = YES;
				GCC_WARN_ABOUT_RETURN_TYPE = YES_ERROR;
				GCC_WARN_UNDECLARED_SELECTOR = YES;
				GCC_WARN_UNINITIALIZED_AUTOS = YES_AGGRESSIVE;
				GCC_WARN_UNUSED_FUNCTION = YES;
				GCC_WARN_UNUSED_VARIABLE = YES;
				IPHONEOS_DEPLOYMENT_TARGET = 17.0;
				MACOSX_DEPLOYMENT_TARGET = 14.0;
				MTL_ENABLE_DEBUG_INFO = INCLUDE_SOURCE;
				ONLY_ACTIVE_ARCH = YES;
				STRING_CATALOG_GENERATE_SYMBOLS = YES;
				SWIFT_ACTIVE_COMPILATION_CONDITIONS = "DEBUG $(inherited)";
				SWIFT_OPTIMIZATION_LEVEL = "-Onone";
				SWIFT_VERSION = 5.0;
				WATCHOS_DEPLOYMENT_TARGET = 10.0;
			};
			name = Debug;
		};
		G00002 /* Release */ = {
			isa = XCBuildConfiguration;
			buildSettings = {
				ALWAYS_SEARCH_USER_PATHS = NO;
				ASSETCATALOG_COMPILER_GENERATE_SWIFT_ASSET_SYMBOL_EXTENSIONS = YES;
				CLANG_ANALYZER_NONNULL = YES;
				CLANG_CXX_LANGUAGE_STANDARD = "gnu++20";
				CLANG_ENABLE_MODULES = YES;
				CLANG_ENABLE_OBJC_ARC = YES;
				CLANG_WARN_BLOCK_CAPTURE_AUTORELEASING = YES;
				CLANG_WARN_BOOL_CONVERSION = YES;
				CLANG_WARN_COMMA = YES;
				CLANG_WARN_CONSTANT_CONVERSION = YES;
				CLANG_WARN_DEPRECATED_OBJC_IMPLEMENTATIONS = YES;
				CLANG_WARN_EMPTY_BODY = YES;
				CLANG_WARN_ENUM_CONVERSION = YES;
				CLANG_WARN_INFINITE_RECURSION = YES;
				CLANG_WARN_INT_CONVERSION = YES;
				CLANG_WARN_NON_LITERAL_NULL_CONVERSION = YES;
				CLANG_WARN_OBJC_IMPLICIT_RETAIN_SELF = YES;
				CLANG_WARN_OBJC_LITERAL_CONVERSION = YES;
				CLANG_WARN_QUOTED_INCLUDE_IN_FRAMEWORK_HEADER = YES;
				CLANG_WARN_RANGE_LOOP_ANALYSIS = YES;
				CLANG_WARN_STRICT_PROTOTYPES = YES;
				CLANG_WARN_SUSPICIOUS_MOVE = YES;
				CLANG_WARN_UNREACHABLE_CODE = YES;
				CLANG_WARN__DUPLICATE_METHOD_MATCH = YES;
				COPY_PHASE_STRIP = NO;
				DEAD_CODE_STRIPPING = YES;
				DEBUG_INFORMATION_FORMAT = "dwarf-with-dsym";
				DEVELOPMENT_TEAM = UJ9293M9CT;
				ENABLE_NS_ASSERTIONS = NO;
				ENABLE_STRICT_OBJC_MSGSEND = YES;
				ENABLE_USER_SCRIPT_SANDBOXING = YES;
				GCC_NO_COMMON_BLOCKS = YES;
				GCC_WARN_64_TO_32_BIT_CONVERSION = YES;
				GCC_WARN_ABOUT_RETURN_TYPE = YES_ERROR;
				GCC_WARN_UNDECLARED_SELECTOR = YES;
				GCC_WARN_UNINITIALIZED_AUTOS = YES_AGGRESSIVE;
				GCC_WARN_UNUSED_FUNCTION = YES;
				GCC_WARN_UNUSED_VARIABLE = YES;
				IPHONEOS_DEPLOYMENT_TARGET = 17.0;
				MACOSX_DEPLOYMENT_TARGET = 14.0;
				STRING_CATALOG_GENERATE_SYMBOLS = YES;
				SWIFT_COMPILATION_MODE = wholemodule;
				SWIFT_VERSION = 5.0;
				VALIDATE_PRODUCT = YES;
				WATCHOS_DEPLOYMENT_TARGET = 10.0;
			};
			name = Release;
		};
		G10001 /* Debug */ = {
			isa = XCBuildConfiguration;
			buildSettings = {
				ASSETCATALOG_COMPILER_APPICON_NAME = AppIcon;
				ASSETCATALOG_COMPILER_GLOBAL_ACCENT_COLOR_NAME = AccentColor;
				ASSETCATALOG_COMPILER_INCLUDE_ALL_APPICON_ASSETS = YES;
				CODE_SIGN_ENTITLEMENTS = Habitual/Resources/Habitual.entitlements;
				CODE_SIGN_STYLE = Automatic;
				CURRENT_PROJECT_VERSION = 9;
				DEAD_CODE_STRIPPING = YES;
				GENERATE_INFOPLIST_FILE = YES;
				INFOPLIST_FILE = Habitual/Resources/Info.plist;
				INFOPLIST_KEY_CFBundleDisplayName = Habitual;
				INFOPLIST_KEY_LSApplicationCategoryType = "public.app-category.lifestyle";
				INFOPLIST_KEY_UIApplicationSceneManifest_Generation = YES;
				INFOPLIST_KEY_UIApplicationSupportsIndirectInputEvents = YES;
				INFOPLIST_KEY_UILaunchScreen_Generation = YES;
				INFOPLIST_KEY_UISupportedInterfaceOrientations_iPad = "UIInterfaceOrientationPortrait UIInterfaceOrientationPortraitUpsideDown UIInterfaceOrientationLandscapeLeft UIInterfaceOrientationLandscapeRight";
				INFOPLIST_KEY_UISupportedInterfaceOrientations_iPhone = "UIInterfaceOrientationPortrait UIInterfaceOrientationLandscapeLeft UIInterfaceOrientationLandscapeRight";
				LD_RUNPATH_SEARCH_PATHS = (
					"$(inherited)",
					"@executable_path/Frameworks",
				);
				MARKETING_VERSION = 1.2;
				PRODUCT_BUNDLE_IDENTIFIER = "com.habitual-helper.app";
				PRODUCT_NAME = "$(TARGET_NAME)";
				REGISTER_APP_GROUPS = YES;
				SUPPORTED_PLATFORMS = "iphoneos iphonesimulator macosx";
				SUPPORTS_MACCATALYST = YES;
				SUPPORTS_MAC_DESIGNED_FOR_IPHONE_IPAD = NO;
				SWIFT_EMIT_LOC_STRINGS = YES;
				SWIFT_VERSION = 5.0;
				TARGETED_DEVICE_FAMILY = "1,2";
			};
			name = Debug;
		};
		G10002 /* Release */ = {
			isa = XCBuildConfiguration;
			buildSettings = {
				ASSETCATALOG_COMPILER_APPICON_NAME = AppIcon;
				ASSETCATALOG_COMPILER_GLOBAL_ACCENT_COLOR_NAME = AccentColor;
				ASSETCATALOG_COMPILER_INCLUDE_ALL_APPICON_ASSETS = YES;
				CODE_SIGN_ENTITLEMENTS = Habitual/Resources/Habitual.entitlements;
				CODE_SIGN_STYLE = Automatic;
				CURRENT_PROJECT_VERSION = 9;
				DEAD_CODE_STRIPPING = YES;
				GENERATE_INFOPLIST_FILE = YES;
				INFOPLIST_FILE = Habitual/Resources/Info.plist;
				INFOPLIST_KEY_CFBundleDisplayName = Habitual;
				INFOPLIST_KEY_LSApplicationCategoryType = "public.app-category.lifestyle";
				INFOPLIST_KEY_UIApplicationSceneManifest_Generation = YES;
				INFOPLIST_KEY_UIApplicationSupportsIndirectInputEvents = YES;
				INFOPLIST_KEY_UILaunchScreen_Generation = YES;
				INFOPLIST_KEY_UISupportedInterfaceOrientations_iPad = "UIInterfaceOrientationPortrait UIInterfaceOrientationPortraitUpsideDown UIInterfaceOrientationLandscapeLeft UIInterfaceOrientationLandscapeRight";
				INFOPLIST_KEY_UISupportedInterfaceOrientations_iPhone = "UIInterfaceOrientationPortrait UIInterfaceOrientationLandscapeLeft UIInterfaceOrientationLandscapeRight";
				LD_RUNPATH_SEARCH_PATHS = (
					"$(inherited)",
					"@executable_path/Frameworks",
				);
				MARKETING_VERSION = 1.2;
				PRODUCT_BUNDLE_IDENTIFIER = "com.habitual-helper.app";
				PRODUCT_NAME = "$(TARGET_NAME)";
				REGISTER_APP_GROUPS = YES;
				SUPPORTED_PLATFORMS = "iphoneos iphonesimulator macosx";
				SUPPORTS_MACCATALYST = YES;
				SUPPORTS_MAC_DESIGNED_FOR_IPHONE_IPAD = NO;
				SWIFT_EMIT_LOC_STRINGS = YES;
				SWIFT_VERSION = 5.0;
				TARGETED_DEVICE_FAMILY = "1,2";
			};
			name = Release;
		};
		G20001 /* Debug */ = {
			isa = XCBuildConfiguration;
			buildSettings = {
				ASSETCATALOG_COMPILER_APPICON_NAME = AppIcon;
				CODE_SIGN_ENTITLEMENTS = HabitualWatch/Resources/HabitualWatch.entitlements;
				CODE_SIGN_STYLE = Automatic;
				CURRENT_PROJECT_VERSION = 9;
				GENERATE_INFOPLIST_FILE = YES;
				INFOPLIST_KEY_CFBundleDisplayName = Habitual;
				INFOPLIST_KEY_UISupportedInterfaceOrientations = "UIInterfaceOrientationPortrait UIInterfaceOrientationPortraitUpsideDown";
				INFOPLIST_KEY_WKBackgroundModes = "remote-notification";
				INFOPLIST_KEY_WKCompanionAppBundleIdentifier = "com.habitual-helper.app";
				MARKETING_VERSION = 1.0;
				PRODUCT_BUNDLE_IDENTIFIER = "com.habitual-helper.app.watchkitapp";
				PRODUCT_NAME = "$(TARGET_NAME)";
				SDKROOT = watchos;
				SKIP_INSTALL = YES;
				SWIFT_EMIT_LOC_STRINGS = YES;
				SWIFT_VERSION = 5.0;
				TARGETED_DEVICE_FAMILY = 4;
				WATCHOS_DEPLOYMENT_TARGET = 10.0;
			};
			name = Debug;
		};
		G20002 /* Release */ = {
			isa = XCBuildConfiguration;
			buildSettings = {
				ASSETCATALOG_COMPILER_APPICON_NAME = AppIcon;
				CODE_SIGN_ENTITLEMENTS = HabitualWatch/Resources/HabitualWatch.entitlements;
				CODE_SIGN_STYLE = Automatic;
				CURRENT_PROJECT_VERSION = 9;
				GENERATE_INFOPLIST_FILE = YES;
				INFOPLIST_KEY_CFBundleDisplayName = Habitual;
				INFOPLIST_KEY_UISupportedInterfaceOrientations = "UIInterfaceOrientationPortrait UIInterfaceOrientationPortraitUpsideDown";
				INFOPLIST_KEY_WKBackgroundModes = "remote-notification";
				INFOPLIST_KEY_WKCompanionAppBundleIdentifier = "com.habitual-helper.app";
				MARKETING_VERSION = 1.0;
				PRODUCT_BUNDLE_IDENTIFIER = "com.habitual-helper.app.watchkitapp";
				PRODUCT_NAME = "$(TARGET_NAME)";
				SDKROOT = watchos;
				SKIP_INSTALL = YES;
				SWIFT_EMIT_LOC_STRINGS = YES;
				SWIFT_VERSION = 5.0;
				TARGETED_DEVICE_FAMILY = 4;
				WATCHOS_DEPLOYMENT_TARGET = 10.0;
			};
			name = Release;
		};
		G30001 /* Debug */ = {
			isa = XCBuildConfiguration;
			buildSettings = {
				CODE_SIGN_ENTITLEMENTS = HabitualWidgets/Resources/HabitualWidgets.entitlements;
				CODE_SIGN_STYLE = Automatic;
				CURRENT_PROJECT_VERSION = 9;
				DEAD_CODE_STRIPPING = YES;
				GENERATE_INFOPLIST_FILE = YES;
				INFOPLIST_FILE = HabitualWidgets/Resources/Info.plist;
				INFOPLIST_KEY_CFBundleDisplayName = "Habitual Widgets";
				INFOPLIST_KEY_NSHumanReadableCopyright = "";
				MARKETING_VERSION = 1.2;
				PRODUCT_BUNDLE_IDENTIFIER = "com.habitual-helper.app.widgets";
				PRODUCT_NAME = "$(TARGET_NAME)";
				REGISTER_APP_GROUPS = YES;
				SKIP_INSTALL = YES;
				SUPPORTED_PLATFORMS = "iphoneos iphonesimulator macosx";
				SUPPORTS_MACCATALYST = YES;
				SWIFT_EMIT_LOC_STRINGS = YES;
				SWIFT_VERSION = 5.0;
				TARGETED_DEVICE_FAMILY = "1,2";
			};
			name = Debug;
		};
		G30002 /* Release */ = {
			isa = XCBuildConfiguration;
			buildSettings = {
				CODE_SIGN_ENTITLEMENTS = HabitualWidgets/Resources/HabitualWidgets.entitlements;
				CODE_SIGN_STYLE = Automatic;
				CURRENT_PROJECT_VERSION = 9;
				DEAD_CODE_STRIPPING = YES;
				GENERATE_INFOPLIST_FILE = YES;
				INFOPLIST_FILE = HabitualWidgets/Resources/Info.plist;
				INFOPLIST_KEY_CFBundleDisplayName = "Habitual Widgets";
				INFOPLIST_KEY_NSHumanReadableCopyright = "";
				MARKETING_VERSION = 1.2;
				PRODUCT_BUNDLE_IDENTIFIER = "com.habitual-helper.app.widgets";
				PRODUCT_NAME = "$(TARGET_NAME)";
				REGISTER_APP_GROUPS = YES;
				SKIP_INSTALL = YES;
				SUPPORTED_PLATFORMS = "iphoneos iphonesimulator macosx";
				SUPPORTS_MACCATALYST = YES;
				SWIFT_EMIT_LOC_STRINGS = YES;
				SWIFT_VERSION = 5.0;
				TARGETED_DEVICE_FAMILY = "1,2";
			};
			name = Release;
		};
		G40001 /* Debug */ = {
			isa = XCBuildConfiguration;
			buildSettings = {
				CODE_SIGN_ENTITLEMENTS = HabitualWatch/Resources/HabitualComplications.entitlements;
				CODE_SIGN_STYLE = Automatic;
				CURRENT_PROJECT_VERSION = 9;
				GENERATE_INFOPLIST_FILE = YES;
				INFOPLIST_FILE = "HabitualWatch/Resources/HabitualComplications-Info.plist";
				INFOPLIST_KEY_CFBundleDisplayName = "Habitual Complications";
				MARKETING_VERSION = 1.0;
				PRODUCT_BUNDLE_IDENTIFIER = "com.habitual-helper.app.watchkitapp.complications";
				PRODUCT_NAME = "$(TARGET_NAME)";
				SDKROOT = watchos;
				SKIP_INSTALL = YES;
				SWIFT_EMIT_LOC_STRINGS = YES;
				SWIFT_VERSION = 5.0;
				TARGETED_DEVICE_FAMILY = 4;
				WATCHOS_DEPLOYMENT_TARGET = 10.0;
			};
			name = Debug;
		};
		G40002 /* Release */ = {
			isa = XCBuildConfiguration;
			buildSettings = {
				CODE_SIGN_ENTITLEMENTS = HabitualWatch/Resources/HabitualComplications.entitlements;
				CODE_SIGN_STYLE = Automatic;
				CURRENT_PROJECT_VERSION = 9;
				GENERATE_INFOPLIST_FILE = YES;
				INFOPLIST_FILE = "HabitualWatch/Resources/HabitualComplications-Info.plist";
				INFOPLIST_KEY_CFBundleDisplayName = "Habitual Complications";
				MARKETING_VERSION = 1.0;
				PRODUCT_BUNDLE_IDENTIFIER = "com.habitual-helper.app.watchkitapp.complications";
				PRODUCT_NAME = "$(TARGET_NAME)";
				SDKROOT = watchos;
				SKIP_INSTALL = YES;
				SWIFT_EMIT_LOC_STRINGS = YES;
				SWIFT_VERSION = 5.0;
				TARGETED_DEVICE_FAMILY = 4;
				WATCHOS_DEPLOYMENT_TARGET = 10.0;
			};
			name = Release;
		};
/* End XCBuildConfiguration section */

/* Begin XCConfigurationList section */
		E00001 /* Build configuration list for PBXProject "Habitual" */ = {
			isa = XCConfigurationList;
			buildConfigurations = (
				G00001 /* Debug */,
				G00002 /* Release */,
			);
			defaultConfigurationIsVisible = 0;
			defaultConfigurationName = Release;
		};
		E10001 /* Build configuration list for PBXNativeTarget "Habitual" */ = {
			isa = XCConfigurationList;
			buildConfigurations = (
				G10001 /* Debug */,
				G10002 /* Release */,
			);
			defaultConfigurationIsVisible = 0;
			defaultConfigurationName = Release;
		};
		E20001 /* Build configuration list for PBXNativeTarget "Habitual Watch" */ = {
			isa = XCConfigurationList;
			buildConfigurations = (
				G20001 /* Debug */,
				G20002 /* Release */,
			);
			defaultConfigurationIsVisible = 0;
			defaultConfigurationName = Release;
		};
		E30001 /* Build configuration list for PBXNativeTarget "HabitualWidgets" */ = {
			isa = XCConfigurationList;
			buildConfigurations = (
				G30001 /* Debug */,
				G30002 /* Release */,
			);
			defaultConfigurationIsVisible = 0;
			defaultConfigurationName = Release;
		};
		E40001 /* Build configuration list for PBXNativeTarget "HabitualComplications" */ = {
			isa = XCConfigurationList;
			buildConfigurations = (
				G40001 /* Debug */,
				G40002 /* Release */,
			);
			defaultConfigurationIsVisible = 0;
			defaultConfigurationName = Release;
		};
/* End XCConfigurationList section */

/* Begin XCVersionGroup section */
		B10015 /* Habitual.xcdatamodeld */ = {
			isa = XCVersionGroup;
			children = (
				B10015V /* Habitual.xcdatamodel */,
			);
			currentVersion = B10015V /* Habitual.xcdatamodel */;
			path = Habitual.xcdatamodeld;
			sourceTree = "<group>";
			versionGroupType = wrapper.xcdatamodel;
		};
/* End XCVersionGroup section */
	};
	rootObject = P00001 /* Project object */;
}
